// !$*UTF8*$!
{
	archiveVersion = 1;
	classes = {
	};
	objectVersion = 56;
	objects = {

/* Begin PBXBuildFile section */
		09022E272BA9D9C50029D51D /* AppDelegate.swift in Sources */ = {isa = PBXBuildFile; fileRef = 09022E262BA9D9C50029D51D /* AppDelegate.swift */; };
		09022E302BA9D9C70029D51D /* Assets.xcassets in Resources */ = {isa = PBXBuildFile; fileRef = 09022E2F2BA9D9C70029D51D /* Assets.xcassets */; };
		09022E332BA9D9C70029D51D /* LaunchScreen.storyboard in Resources */ = {isa = PBXBuildFile; fileRef = 09022E312BA9D9C70029D51D /* LaunchScreen.storyboard */; };
		09022E3E2BA9D9C70029D51D /* pokemon_listTests.swift in Sources */ = {isa = PBXBuildFile; fileRef = 09022E3D2BA9D9C70029D51D /* pokemon_listTests.swift */; };
		09022E482BA9D9C70029D51D /* pokemon_listUITests.swift in Sources */ = {isa = PBXBuildFile; fileRef = 09022E472BA9D9C70029D51D /* pokemon_listUITests.swift */; };
		09022E4A2BA9D9C70029D51D /* pokemon_listUITestsLaunchTests.swift in Sources */ = {isa = PBXBuildFile; fileRef = 09022E492BA9D9C70029D51D /* pokemon_listUITestsLaunchTests.swift */; };
		09022E5C2BA9E0080029D51D /* UITableView+Extension.swift in Sources */ = {isa = PBXBuildFile; fileRef = 09022E5B2BA9E0080029D51D /* UITableView+Extension.swift */; };
		09022E5D2BA9E0080029D51D /* UITableView+Extension.swift in Sources */ = {isa = PBXBuildFile; fileRef = 09022E5B2BA9E0080029D51D /* UITableView+Extension.swift */; };
		09022E6D2BA9E4B30029D51D /* PokemonListServiceProtocol.swift in Sources */ = {isa = PBXBuildFile; fileRef = 09022E632BA9E4B30029D51D /* PokemonListServiceProtocol.swift */; };
		09022E6E2BA9E4B30029D51D /* PokemonListServiceProtocol.swift in Sources */ = {isa = PBXBuildFile; fileRef = 09022E632BA9E4B30029D51D /* PokemonListServiceProtocol.swift */; };
		09022E6F2BA9E4B30029D51D /* PokemonListModel.swift in Sources */ = {isa = PBXBuildFile; fileRef = 09022E652BA9E4B30029D51D /* PokemonListModel.swift */; };
		09022E702BA9E4B30029D51D /* PokemonListModel.swift in Sources */ = {isa = PBXBuildFile; fileRef = 09022E652BA9E4B30029D51D /* PokemonListModel.swift */; };
		09022E712BA9E4B30029D51D /* PokemonListView.swift in Sources */ = {isa = PBXBuildFile; fileRef = 09022E672BA9E4B30029D51D /* PokemonListView.swift */; };
		09022E722BA9E4B30029D51D /* PokemonListView.swift in Sources */ = {isa = PBXBuildFile; fileRef = 09022E672BA9E4B30029D51D /* PokemonListView.swift */; };
		09022E732BA9E4B30029D51D /* PokemonListView.xib in Resources */ = {isa = PBXBuildFile; fileRef = 09022E682BA9E4B30029D51D /* PokemonListView.xib */; };
		09022E742BA9E4B30029D51D /* PokemonListView.xib in Resources */ = {isa = PBXBuildFile; fileRef = 09022E682BA9E4B30029D51D /* PokemonListView.xib */; };
		09022E752BA9E4B30029D51D /* PokemonListService.swift in Sources */ = {isa = PBXBuildFile; fileRef = 09022E6A2BA9E4B30029D51D /* PokemonListService.swift */; };
		09022E762BA9E4B30029D51D /* PokemonListService.swift in Sources */ = {isa = PBXBuildFile; fileRef = 09022E6A2BA9E4B30029D51D /* PokemonListService.swift */; };
		09022E772BA9E4B30029D51D /* PokemonListViewModel.swift in Sources */ = {isa = PBXBuildFile; fileRef = 09022E6C2BA9E4B30029D51D /* PokemonListViewModel.swift */; };
		09022E782BA9E4B30029D51D /* PokemonListViewModel.swift in Sources */ = {isa = PBXBuildFile; fileRef = 09022E6C2BA9E4B30029D51D /* PokemonListViewModel.swift */; };
		09022E7A2BA9E56E0029D51D /* Reach.swift in Sources */ = {isa = PBXBuildFile; fileRef = 09022E792BA9E56E0029D51D /* Reach.swift */; };
		09022E7B2BA9E56E0029D51D /* Reach.swift in Sources */ = {isa = PBXBuildFile; fileRef = 09022E792BA9E56E0029D51D /* Reach.swift */; };
		09022E7F2BA9E7F90029D51D /* PokemonListCell.swift in Sources */ = {isa = PBXBuildFile; fileRef = 09022E7D2BA9E7F90029D51D /* PokemonListCell.swift */; };
		09022E802BA9E7F90029D51D /* PokemonListCell.swift in Sources */ = {isa = PBXBuildFile; fileRef = 09022E7D2BA9E7F90029D51D /* PokemonListCell.swift */; };
		09022E812BA9E7F90029D51D /* PokemonListCell.xib in Resources */ = {isa = PBXBuildFile; fileRef = 09022E7E2BA9E7F90029D51D /* PokemonListCell.xib */; };
		09022E822BA9E7F90029D51D /* PokemonListCell.xib in Resources */ = {isa = PBXBuildFile; fileRef = 09022E7E2BA9E7F90029D51D /* PokemonListCell.xib */; };
		09022E922BA9E9E80029D51D /* PokemonDetailServiceProtocol.swift in Sources */ = {isa = PBXBuildFile; fileRef = 09022E882BA9E9E80029D51D /* PokemonDetailServiceProtocol.swift */; };
		09022E932BA9E9E80029D51D /* PokemonDetailServiceProtocol.swift in Sources */ = {isa = PBXBuildFile; fileRef = 09022E882BA9E9E80029D51D /* PokemonDetailServiceProtocol.swift */; };
		09022E942BA9E9E80029D51D /* PokemonDetailModel.swift in Sources */ = {isa = PBXBuildFile; fileRef = 09022E8A2BA9E9E80029D51D /* PokemonDetailModel.swift */; };
		09022E952BA9E9E80029D51D /* PokemonDetailModel.swift in Sources */ = {isa = PBXBuildFile; fileRef = 09022E8A2BA9E9E80029D51D /* PokemonDetailModel.swift */; };
		09022E962BA9E9E80029D51D /* PokemonDetailView.xib in Resources */ = {isa = PBXBuildFile; fileRef = 09022E8C2BA9E9E80029D51D /* PokemonDetailView.xib */; };
		09022E972BA9E9E80029D51D /* PokemonDetailView.xib in Resources */ = {isa = PBXBuildFile; fileRef = 09022E8C2BA9E9E80029D51D /* PokemonDetailView.xib */; };
		09022E982BA9E9E80029D51D /* PokemonDetailView.swift in Sources */ = {isa = PBXBuildFile; fileRef = 09022E8D2BA9E9E80029D51D /* PokemonDetailView.swift */; };
		09022E992BA9E9E80029D51D /* PokemonDetailView.swift in Sources */ = {isa = PBXBuildFile; fileRef = 09022E8D2BA9E9E80029D51D /* PokemonDetailView.swift */; };
		09022E9A2BA9E9E80029D51D /* PokemonDetailService.swift in Sources */ = {isa = PBXBuildFile; fileRef = 09022E8F2BA9E9E80029D51D /* PokemonDetailService.swift */; };
		09022E9B2BA9E9E80029D51D /* PokemonDetailService.swift in Sources */ = {isa = PBXBuildFile; fileRef = 09022E8F2BA9E9E80029D51D /* PokemonDetailService.swift */; };
		09022E9C2BA9E9E80029D51D /* PokemonDetailViewModel.swift in Sources */ = {isa = PBXBuildFile; fileRef = 09022E912BA9E9E80029D51D /* PokemonDetailViewModel.swift */; };
		09022E9D2BA9E9E80029D51D /* PokemonDetailViewModel.swift in Sources */ = {isa = PBXBuildFile; fileRef = 09022E912BA9E9E80029D51D /* PokemonDetailViewModel.swift */; };
		09022E9F2BA9ECA20029D51D /* UIView+Extension.swift in Sources */ = {isa = PBXBuildFile; fileRef = 09022E9E2BA9ECA20029D51D /* UIView+Extension.swift */; };
		09022EA02BA9ECA20029D51D /* UIView+Extension.swift in Sources */ = {isa = PBXBuildFile; fileRef = 09022E9E2BA9ECA20029D51D /* UIView+Extension.swift */; };
		09022EA22BA9F0260029D51D /* CALayer+Extension.swift in Sources */ = {isa = PBXBuildFile; fileRef = 09022EA12BA9F0260029D51D /* CALayer+Extension.swift */; };
		09022EA32BA9F0260029D51D /* CALayer+Extension.swift in Sources */ = {isa = PBXBuildFile; fileRef = 09022EA12BA9F0260029D51D /* CALayer+Extension.swift */; };
		09022EA82BA9F6240029D51D /* APIMappingProtocol.swift in Sources */ = {isa = PBXBuildFile; fileRef = 09022EA72BA9F6240029D51D /* APIMappingProtocol.swift */; };
		09022EA92BA9F6240029D51D /* APIMappingProtocol.swift in Sources */ = {isa = PBXBuildFile; fileRef = 09022EA72BA9F6240029D51D /* APIMappingProtocol.swift */; };
		09022EAB2BA9F7940029D51D /* PokemonProvider.swift in Sources */ = {isa = PBXBuildFile; fileRef = 09022EAA2BA9F7940029D51D /* PokemonProvider.swift */; };
		09022EAC2BA9F7940029D51D /* PokemonProvider.swift in Sources */ = {isa = PBXBuildFile; fileRef = 09022EAA2BA9F7940029D51D /* PokemonProvider.swift */; };
		09022EAE2BA9F8260029D51D /* String+Extension.swift in Sources */ = {isa = PBXBuildFile; fileRef = 09022EAD2BA9F8260029D51D /* String+Extension.swift */; };
		09022EAF2BA9F8260029D51D /* String+Extension.swift in Sources */ = {isa = PBXBuildFile; fileRef = 09022EAD2BA9F8260029D51D /* String+Extension.swift */; };
		09C491D62BABD67A00D23FCE /* UIImageView+Extension.swift in Sources */ = {isa = PBXBuildFile; fileRef = 09C491D52BABD67A00D23FCE /* UIImageView+Extension.swift */; };
		09C491D92BABE04100D23FCE /* NoConnectionView.swift in Sources */ = {isa = PBXBuildFile; fileRef = 09C491D72BABE04100D23FCE /* NoConnectionView.swift */; };
		09C491DA2BABE04100D23FCE /* NoConnectionView.swift in Sources */ = {isa = PBXBuildFile; fileRef = 09C491D72BABE04100D23FCE /* NoConnectionView.swift */; };
		09C491DB2BABE04100D23FCE /* NoConnectionView.xib in Resources */ = {isa = PBXBuildFile; fileRef = 09C491D82BABE04100D23FCE /* NoConnectionView.xib */; };
		09C491DC2BABE04100D23FCE /* NoConnectionView.xib in Resources */ = {isa = PBXBuildFile; fileRef = 09C491D82BABE04100D23FCE /* NoConnectionView.xib */; };
		09C491E02BABE67600D23FCE /* PokemonListEmptyCell.swift in Sources */ = {isa = PBXBuildFile; fileRef = 09C491DE2BABE67600D23FCE /* PokemonListEmptyCell.swift */; };
		09C491E12BABE67600D23FCE /* PokemonListEmptyCell.swift in Sources */ = {isa = PBXBuildFile; fileRef = 09C491DE2BABE67600D23FCE /* PokemonListEmptyCell.swift */; };
		09C491E22BABE67600D23FCE /* PokemonListEmptyCell.xib in Resources */ = {isa = PBXBuildFile; fileRef = 09C491DF2BABE67600D23FCE /* PokemonListEmptyCell.xib */; };
		09C491E32BABE67600D23FCE /* PokemonListEmptyCell.xib in Resources */ = {isa = PBXBuildFile; fileRef = 09C491DF2BABE67600D23FCE /* PokemonListEmptyCell.xib */; };
		09C491E52BABE9A600D23FCE /* Array+Extension.swift in Sources */ = {isa = PBXBuildFile; fileRef = 09C491E42BABE9A600D23FCE /* Array+Extension.swift */; };
		09C491E62BABE9A600D23FCE /* Array+Extension.swift in Sources */ = {isa = PBXBuildFile; fileRef = 09C491E42BABE9A600D23FCE /* Array+Extension.swift */; };
		09C491E82BABEB1000D23FCE /* BaseViewController.swift in Sources */ = {isa = PBXBuildFile; fileRef = 09C491E72BABEB1000D23FCE /* BaseViewController.swift */; };
		09C491E92BABEB1000D23FCE /* BaseViewController.swift in Sources */ = {isa = PBXBuildFile; fileRef = 09C491E72BABEB1000D23FCE /* BaseViewController.swift */; };
		24899B1054BB34524EE54F0A /* Pods_pokemon_list.framework in Frameworks */ = {isa = PBXBuildFile; fileRef = 63DF5BC80541DE9015E81F62 /* Pods_pokemon_list.framework */; };
		77ABD19D0A910F4BDA35ED8E /* Pods_pokemon_listTests.framework in Frameworks */ = {isa = PBXBuildFile; fileRef = 29189B79299D2F0B96BA8360 /* Pods_pokemon_listTests.framework */; };
		E0AF4AEABD5B9B673C3C5416 /* Pods_pokemon_list_pokemon_listUITests.framework in Frameworks */ = {isa = PBXBuildFile; fileRef = 2DA358D814BEA844320F775C /* Pods_pokemon_list_pokemon_listUITests.framework */; };
/* End PBXBuildFile section */

/* Begin PBXContainerItemProxy section */
		09022E3A2BA9D9C70029D51D /* PBXContainerItemProxy */ = {
			isa = PBXContainerItemProxy;
			containerPortal = 09022E1B2BA9D9C50029D51D /* Project object */;
			proxyType = 1;
			remoteGlobalIDString = 09022E222BA9D9C50029D51D;
			remoteInfo = "pokemon-list";
		};
		09022E442BA9D9C70029D51D /* PBXContainerItemProxy */ = {
			isa = PBXContainerItemProxy;
			containerPortal = 09022E1B2BA9D9C50029D51D /* Project object */;
			proxyType = 1;
			remoteGlobalIDString = 09022E222BA9D9C50029D51D;
			remoteInfo = "pokemon-list";
		};
/* End PBXContainerItemProxy section */

/* Begin PBXFileReference section */
		09022E232BA9D9C50029D51D /* pokemon-list.app */ = {isa = PBXFileReference; explicitFileType = wrapper.application; includeInIndex = 0; path = "pokemon-list.app"; sourceTree = BUILT_PRODUCTS_DIR; };
		09022E262BA9D9C50029D51D /* AppDelegate.swift */ = {isa = PBXFileReference; lastKnownFileType = sourcecode.swift; path = AppDelegate.swift; sourceTree = "<group>"; };
		09022E2F2BA9D9C70029D51D /* Assets.xcassets */ = {isa = PBXFileReference; lastKnownFileType = folder.assetcatalog; path = Assets.xcassets; sourceTree = "<group>"; };
		09022E322BA9D9C70029D51D /* Base */ = {isa = PBXFileReference; lastKnownFileType = file.storyboard; name = Base; path = Base.lproj/LaunchScreen.storyboard; sourceTree = "<group>"; };
		09022E342BA9D9C70029D51D /* Info.plist */ = {isa = PBXFileReference; lastKnownFileType = text.plist.xml; path = Info.plist; sourceTree = "<group>"; };
		09022E392BA9D9C70029D51D /* pokemon-listTests.xctest */ = {isa = PBXFileReference; explicitFileType = wrapper.cfbundle; includeInIndex = 0; path = "pokemon-listTests.xctest"; sourceTree = BUILT_PRODUCTS_DIR; };
		09022E3D2BA9D9C70029D51D /* pokemon_listTests.swift */ = {isa = PBXFileReference; lastKnownFileType = sourcecode.swift; path = pokemon_listTests.swift; sourceTree = "<group>"; };
		09022E432BA9D9C70029D51D /* pokemon-listUITests.xctest */ = {isa = PBXFileReference; explicitFileType = wrapper.cfbundle; includeInIndex = 0; path = "pokemon-listUITests.xctest"; sourceTree = BUILT_PRODUCTS_DIR; };
		09022E472BA9D9C70029D51D /* pokemon_listUITests.swift */ = {isa = PBXFileReference; lastKnownFileType = sourcecode.swift; path = pokemon_listUITests.swift; sourceTree = "<group>"; };
		09022E492BA9D9C70029D51D /* pokemon_listUITestsLaunchTests.swift */ = {isa = PBXFileReference; lastKnownFileType = sourcecode.swift; path = pokemon_listUITestsLaunchTests.swift; sourceTree = "<group>"; };
		09022E5B2BA9E0080029D51D /* UITableView+Extension.swift */ = {isa = PBXFileReference; lastKnownFileType = sourcecode.swift; path = "UITableView+Extension.swift"; sourceTree = "<group>"; };
		09022E632BA9E4B30029D51D /* PokemonListServiceProtocol.swift */ = {isa = PBXFileReference; fileEncoding = 4; lastKnownFileType = sourcecode.swift; path = PokemonListServiceProtocol.swift; sourceTree = "<group>"; };
		09022E652BA9E4B30029D51D /* PokemonListModel.swift */ = {isa = PBXFileReference; fileEncoding = 4; lastKnownFileType = sourcecode.swift; path = PokemonListModel.swift; sourceTree = "<group>"; };
		09022E672BA9E4B30029D51D /* PokemonListView.swift */ = {isa = PBXFileReference; fileEncoding = 4; lastKnownFileType = sourcecode.swift; path = PokemonListView.swift; sourceTree = "<group>"; };
		09022E682BA9E4B30029D51D /* PokemonListView.xib */ = {isa = PBXFileReference; fileEncoding = 4; lastKnownFileType = file.xib; path = PokemonListView.xib; sourceTree = "<group>"; };
		09022E6A2BA9E4B30029D51D /* PokemonListService.swift */ = {isa = PBXFileReference; fileEncoding = 4; lastKnownFileType = sourcecode.swift; path = PokemonListService.swift; sourceTree = "<group>"; };
		09022E6C2BA9E4B30029D51D /* PokemonListViewModel.swift */ = {isa = PBXFileReference; fileEncoding = 4; lastKnownFileType = sourcecode.swift; path = PokemonListViewModel.swift; sourceTree = "<group>"; };
		09022E792BA9E56E0029D51D /* Reach.swift */ = {isa = PBXFileReference; lastKnownFileType = sourcecode.swift; path = Reach.swift; sourceTree = "<group>"; };
		09022E7D2BA9E7F90029D51D /* PokemonListCell.swift */ = {isa = PBXFileReference; lastKnownFileType = sourcecode.swift; path = PokemonListCell.swift; sourceTree = "<group>"; };
		09022E7E2BA9E7F90029D51D /* PokemonListCell.xib */ = {isa = PBXFileReference; lastKnownFileType = file.xib; path = PokemonListCell.xib; sourceTree = "<group>"; };
		09022E882BA9E9E80029D51D /* PokemonDetailServiceProtocol.swift */ = {isa = PBXFileReference; fileEncoding = 4; lastKnownFileType = sourcecode.swift; path = PokemonDetailServiceProtocol.swift; sourceTree = "<group>"; };
		09022E8A2BA9E9E80029D51D /* PokemonDetailModel.swift */ = {isa = PBXFileReference; fileEncoding = 4; lastKnownFileType = sourcecode.swift; path = PokemonDetailModel.swift; sourceTree = "<group>"; };
		09022E8C2BA9E9E80029D51D /* PokemonDetailView.xib */ = {isa = PBXFileReference; fileEncoding = 4; lastKnownFileType = file.xib; path = PokemonDetailView.xib; sourceTree = "<group>"; };
		09022E8D2BA9E9E80029D51D /* PokemonDetailView.swift */ = {isa = PBXFileReference; fileEncoding = 4; lastKnownFileType = sourcecode.swift; path = PokemonDetailView.swift; sourceTree = "<group>"; };
		09022E8F2BA9E9E80029D51D /* PokemonDetailService.swift */ = {isa = PBXFileReference; fileEncoding = 4; lastKnownFileType = sourcecode.swift; path = PokemonDetailService.swift; sourceTree = "<group>"; };
		09022E912BA9E9E80029D51D /* PokemonDetailViewModel.swift */ = {isa = PBXFileReference; fileEncoding = 4; lastKnownFileType = sourcecode.swift; path = PokemonDetailViewModel.swift; sourceTree = "<group>"; };
		09022E9E2BA9ECA20029D51D /* UIView+Extension.swift */ = {isa = PBXFileReference; lastKnownFileType = sourcecode.swift; path = "UIView+Extension.swift"; sourceTree = "<group>"; };
		09022EA12BA9F0260029D51D /* CALayer+Extension.swift */ = {isa = PBXFileReference; lastKnownFileType = sourcecode.swift; path = "CALayer+Extension.swift"; sourceTree = "<group>"; };
		09022EA72BA9F6240029D51D /* APIMappingProtocol.swift */ = {isa = PBXFileReference; lastKnownFileType = sourcecode.swift; path = APIMappingProtocol.swift; sourceTree = "<group>"; };
		09022EAA2BA9F7940029D51D /* PokemonProvider.swift */ = {isa = PBXFileReference; lastKnownFileType = sourcecode.swift; path = PokemonProvider.swift; sourceTree = "<group>"; };
		09022EAD2BA9F8260029D51D /* String+Extension.swift */ = {isa = PBXFileReference; lastKnownFileType = sourcecode.swift; path = "String+Extension.swift"; sourceTree = "<group>"; };
		09C491D52BABD67A00D23FCE /* UIImageView+Extension.swift */ = {isa = PBXFileReference; lastKnownFileType = sourcecode.swift; path = "UIImageView+Extension.swift"; sourceTree = "<group>"; };
		09C491D72BABE04100D23FCE /* NoConnectionView.swift */ = {isa = PBXFileReference; lastKnownFileType = sourcecode.swift; path = NoConnectionView.swift; sourceTree = "<group>"; };
		09C491D82BABE04100D23FCE /* NoConnectionView.xib */ = {isa = PBXFileReference; lastKnownFileType = file.xib; path = NoConnectionView.xib; sourceTree = "<group>"; };
		09C491DE2BABE67600D23FCE /* PokemonListEmptyCell.swift */ = {isa = PBXFileReference; lastKnownFileType = sourcecode.swift; path = PokemonListEmptyCell.swift; sourceTree = "<group>"; };
		09C491DF2BABE67600D23FCE /* PokemonListEmptyCell.xib */ = {isa = PBXFileReference; lastKnownFileType = file.xib; path = PokemonListEmptyCell.xib; sourceTree = "<group>"; };
		09C491E42BABE9A600D23FCE /* Array+Extension.swift */ = {isa = PBXFileReference; lastKnownFileType = sourcecode.swift; path = "Array+Extension.swift"; sourceTree = "<group>"; };
		09C491E72BABEB1000D23FCE /* BaseViewController.swift */ = {isa = PBXFileReference; lastKnownFileType = sourcecode.swift; path = BaseViewController.swift; sourceTree = "<group>"; };
		1DAC7C1E2BCC50FBFBA27EAD /* Pods-pokemon-list-pokemon-listUITests.release.xcconfig */ = {isa = PBXFileReference; includeInIndex = 1; lastKnownFileType = text.xcconfig; name = "Pods-pokemon-list-pokemon-listUITests.release.xcconfig"; path = "Target Support Files/Pods-pokemon-list-pokemon-listUITests/Pods-pokemon-list-pokemon-listUITests.release.xcconfig"; sourceTree = "<group>"; };
		29189B79299D2F0B96BA8360 /* Pods_pokemon_listTests.framework */ = {isa = PBXFileReference; explicitFileType = wrapper.framework; includeInIndex = 0; path = Pods_pokemon_listTests.framework; sourceTree = BUILT_PRODUCTS_DIR; };
		2DA358D814BEA844320F775C /* Pods_pokemon_list_pokemon_listUITests.framework */ = {isa = PBXFileReference; explicitFileType = wrapper.framework; includeInIndex = 0; path = Pods_pokemon_list_pokemon_listUITests.framework; sourceTree = BUILT_PRODUCTS_DIR; };
		4993E544BD71FAB67E9C2404 /* Pods-pokemon-list-pokemon-listUITests.debug.xcconfig */ = {isa = PBXFileReference; includeInIndex = 1; lastKnownFileType = text.xcconfig; name = "Pods-pokemon-list-pokemon-listUITests.debug.xcconfig"; path = "Target Support Files/Pods-pokemon-list-pokemon-listUITests/Pods-pokemon-list-pokemon-listUITests.debug.xcconfig"; sourceTree = "<group>"; };
		5B0029435CE18661F9068886 /* Pods-pokemon-listTests.release.xcconfig */ = {isa = PBXFileReference; includeInIndex = 1; lastKnownFileType = text.xcconfig; name = "Pods-pokemon-listTests.release.xcconfig"; path = "Target Support Files/Pods-pokemon-listTests/Pods-pokemon-listTests.release.xcconfig"; sourceTree = "<group>"; };
		63DF5BC80541DE9015E81F62 /* Pods_pokemon_list.framework */ = {isa = PBXFileReference; explicitFileType = wrapper.framework; includeInIndex = 0; path = Pods_pokemon_list.framework; sourceTree = BUILT_PRODUCTS_DIR; };
		D36D6061D1774A8AB1151B78 /* Pods-pokemon-list.release.xcconfig */ = {isa = PBXFileReference; includeInIndex = 1; lastKnownFileType = text.xcconfig; name = "Pods-pokemon-list.release.xcconfig"; path = "Target Support Files/Pods-pokemon-list/Pods-pokemon-list.release.xcconfig"; sourceTree = "<group>"; };
		E475E547DB8C3FA0A6C1A651 /* Pods-pokemon-listTests.debug.xcconfig */ = {isa = PBXFileReference; includeInIndex = 1; lastKnownFileType = text.xcconfig; name = "Pods-pokemon-listTests.debug.xcconfig"; path = "Target Support Files/Pods-pokemon-listTests/Pods-pokemon-listTests.debug.xcconfig"; sourceTree = "<group>"; };
		F438474EB2FBCCFA469ED6DD /* Pods-pokemon-list.debug.xcconfig */ = {isa = PBXFileReference; includeInIndex = 1; lastKnownFileType = text.xcconfig; name = "Pods-pokemon-list.debug.xcconfig"; path = "Target Support Files/Pods-pokemon-list/Pods-pokemon-list.debug.xcconfig"; sourceTree = "<group>"; };
/* End PBXFileReference section */

/* Begin PBXFrameworksBuildPhase section */
		09022E202BA9D9C50029D51D /* Frameworks */ = {
			isa = PBXFrameworksBuildPhase;
			buildActionMask = 2147483647;
			files = (
				24899B1054BB34524EE54F0A /* Pods_pokemon_list.framework in Frameworks */,
			);
			runOnlyForDeploymentPostprocessing = 0;
		};
		09022E362BA9D9C70029D51D /* Frameworks */ = {
			isa = PBXFrameworksBuildPhase;
			buildActionMask = 2147483647;
			files = (
				77ABD19D0A910F4BDA35ED8E /* Pods_pokemon_listTests.framework in Frameworks */,
			);
			runOnlyForDeploymentPostprocessing = 0;
		};
		09022E402BA9D9C70029D51D /* Frameworks */ = {
			isa = PBXFrameworksBuildPhase;
			buildActionMask = 2147483647;
			files = (
				E0AF4AEABD5B9B673C3C5416 /* Pods_pokemon_list_pokemon_listUITests.framework in Frameworks */,
			);
			runOnlyForDeploymentPostprocessing = 0;
		};
/* End PBXFrameworksBuildPhase section */

/* Begin PBXGroup section */
		09022E1A2BA9D9C50029D51D = {
			isa = PBXGroup;
			children = (
				09022E252BA9D9C50029D51D /* pokemon-list */,
				09022E3C2BA9D9C70029D51D /* pokemon-listTests */,
				09022E462BA9D9C70029D51D /* pokemon-listUITests */,
				09022E242BA9D9C50029D51D /* Products */,
				6E7A123DE23C9AE4F28AEEB5 /* Pods */,
				48EE5C0E8A7BA0BB0C2C3B1A /* Frameworks */,
			);
			sourceTree = "<group>";
		};
		09022E242BA9D9C50029D51D /* Products */ = {
			isa = PBXGroup;
			children = (
				09022E232BA9D9C50029D51D /* pokemon-list.app */,
				09022E392BA9D9C70029D51D /* pokemon-listTests.xctest */,
				09022E432BA9D9C70029D51D /* pokemon-listUITests.xctest */,
			);
			name = Products;
			sourceTree = "<group>";
		};
		09022E252BA9D9C50029D51D /* pokemon-list */ = {
			isa = PBXGroup;
			children = (
				09022E342BA9D9C70029D51D /* Info.plist */,
				09022E262BA9D9C50029D51D /* AppDelegate.swift */,
				09022E592BA9DF9E0029D51D /* Extensions */,
				09022E5A2BA9DFAB0029D51D /* Helpers */,
				09022E582BA9DF970029D51D /* Modules */,
				09022E572BA9DF8E0029D51D /* Networking */,
				09022E562BA9DF610029D51D /* Resources */,
			);
			path = "pokemon-list";
			sourceTree = "<group>";
		};
		09022E3C2BA9D9C70029D51D /* pokemon-listTests */ = {
			isa = PBXGroup;
			children = (
				09022E3D2BA9D9C70029D51D /* pokemon_listTests.swift */,
			);
			path = "pokemon-listTests";
			sourceTree = "<group>";
		};
		09022E462BA9D9C70029D51D /* pokemon-listUITests */ = {
			isa = PBXGroup;
			children = (
				09022E472BA9D9C70029D51D /* pokemon_listUITests.swift */,
				09022E492BA9D9C70029D51D /* pokemon_listUITestsLaunchTests.swift */,
			);
			path = "pokemon-listUITests";
			sourceTree = "<group>";
		};
		09022E562BA9DF610029D51D /* Resources */ = {
			isa = PBXGroup;
			children = (
				09022E312BA9D9C70029D51D /* LaunchScreen.storyboard */,
				09022E2F2BA9D9C70029D51D /* Assets.xcassets */,
			);
			path = Resources;
			sourceTree = "<group>";
		};
		09022E572BA9DF8E0029D51D /* Networking */ = {
			isa = PBXGroup;
			children = (
				09022E792BA9E56E0029D51D /* Reach.swift */,
				09022EA72BA9F6240029D51D /* APIMappingProtocol.swift */,
				09022EAA2BA9F7940029D51D /* PokemonProvider.swift */,
			);
			path = Networking;
			sourceTree = "<group>";
		};
		09022E582BA9DF970029D51D /* Modules */ = {
			isa = PBXGroup;
			children = (
				09022E862BA9E9E80029D51D /* PokemonDetail */,
				09022E612BA9E4B30029D51D /* PokemonList */,
				09C491DD2BABE05200D23FCE /* No Connection */,
			);
			path = Modules;
			sourceTree = "<group>";
		};
		09022E592BA9DF9E0029D51D /* Extensions */ = {
			isa = PBXGroup;
			children = (
				09022EA12BA9F0260029D51D /* CALayer+Extension.swift */,
				09022E5B2BA9E0080029D51D /* UITableView+Extension.swift */,
				09022E9E2BA9ECA20029D51D /* UIView+Extension.swift */,
				09022EAD2BA9F8260029D51D /* String+Extension.swift */,
				09C491D52BABD67A00D23FCE /* UIImageView+Extension.swift */,
				09C491E42BABE9A600D23FCE /* Array+Extension.swift */,
			);
			path = Extensions;
			sourceTree = "<group>";
		};
		09022E5A2BA9DFAB0029D51D /* Helpers */ = {
			isa = PBXGroup;
			children = (
				09C491E72BABEB1000D23FCE /* BaseViewController.swift */,
			);
			path = Helpers;
			sourceTree = "<group>";
		};
		09022E612BA9E4B30029D51D /* PokemonList */ = {
			isa = PBXGroup;
			children = (
				09022E622BA9E4B30029D51D /* Protocol */,
				09022E642BA9E4B30029D51D /* Model */,
				09022E662BA9E4B30029D51D /* View */,
				09022E692BA9E4B30029D51D /* Service */,
				09022E6B2BA9E4B30029D51D /* View Model */,
			);
			path = PokemonList;
			sourceTree = "<group>";
		};
		09022E622BA9E4B30029D51D /* Protocol */ = {
			isa = PBXGroup;
			children = (
				09022E632BA9E4B30029D51D /* PokemonListServiceProtocol.swift */,
			);
			path = Protocol;
			sourceTree = "<group>";
		};
		09022E642BA9E4B30029D51D /* Model */ = {
			isa = PBXGroup;
			children = (
				09022E652BA9E4B30029D51D /* PokemonListModel.swift */,
			);
			path = Model;
			sourceTree = "<group>";
		};
		09022E662BA9E4B30029D51D /* View */ = {
			isa = PBXGroup;
			children = (
				09022E7C2BA9E7BE0029D51D /* Cells */,
				09022E672BA9E4B30029D51D /* PokemonListView.swift */,
				09022E682BA9E4B30029D51D /* PokemonListView.xib */,
			);
			path = View;
			sourceTree = "<group>";
		};
		09022E692BA9E4B30029D51D /* Service */ = {
			isa = PBXGroup;
			children = (
				09022E6A2BA9E4B30029D51D /* PokemonListService.swift */,
			);
			path = Service;
			sourceTree = "<group>";
		};
		09022E6B2BA9E4B30029D51D /* View Model */ = {
			isa = PBXGroup;
			children = (
				09022E6C2BA9E4B30029D51D /* PokemonListViewModel.swift */,
			);
			path = "View Model";
			sourceTree = "<group>";
		};
		09022E7C2BA9E7BE0029D51D /* Cells */ = {
			isa = PBXGroup;
			children = (
				09022E7D2BA9E7F90029D51D /* PokemonListCell.swift */,
				09022E7E2BA9E7F90029D51D /* PokemonListCell.xib */,
				09C491DE2BABE67600D23FCE /* PokemonListEmptyCell.swift */,
				09C491DF2BABE67600D23FCE /* PokemonListEmptyCell.xib */,
			);
			path = Cells;
			sourceTree = "<group>";
		};
		09022E862BA9E9E80029D51D /* PokemonDetail */ = {
			isa = PBXGroup;
			children = (
				09022E872BA9E9E80029D51D /* Protocol */,
				09022E892BA9E9E80029D51D /* Model */,
				09022E8B2BA9E9E80029D51D /* View */,
				09022E8E2BA9E9E80029D51D /* Service */,
				09022E902BA9E9E80029D51D /* View Model */,
			);
			path = PokemonDetail;
			sourceTree = "<group>";
		};
		09022E872BA9E9E80029D51D /* Protocol */ = {
			isa = PBXGroup;
			children = (
				09022E882BA9E9E80029D51D /* PokemonDetailServiceProtocol.swift */,
			);
			path = Protocol;
			sourceTree = "<group>";
		};
		09022E892BA9E9E80029D51D /* Model */ = {
			isa = PBXGroup;
			children = (
				09022E8A2BA9E9E80029D51D /* PokemonDetailModel.swift */,
			);
			path = Model;
			sourceTree = "<group>";
		};
		09022E8B2BA9E9E80029D51D /* View */ = {
			isa = PBXGroup;
			children = (
				09022E8C2BA9E9E80029D51D /* PokemonDetailView.xib */,
				09022E8D2BA9E9E80029D51D /* PokemonDetailView.swift */,
			);
			path = View;
			sourceTree = "<group>";
		};
		09022E8E2BA9E9E80029D51D /* Service */ = {
			isa = PBXGroup;
			children = (
				09022E8F2BA9E9E80029D51D /* PokemonDetailService.swift */,
			);
			path = Service;
			sourceTree = "<group>";
		};
		09022E902BA9E9E80029D51D /* View Model */ = {
			isa = PBXGroup;
			children = (
				09022E912BA9E9E80029D51D /* PokemonDetailViewModel.swift */,
			);
			path = "View Model";
			sourceTree = "<group>";
		};
		09C491DD2BABE05200D23FCE /* No Connection */ = {
			isa = PBXGroup;
			children = (
				09C491D72BABE04100D23FCE /* NoConnectionView.swift */,
				09C491D82BABE04100D23FCE /* NoConnectionView.xib */,
			);
			path = "No Connection";
			sourceTree = "<group>";
		};
		48EE5C0E8A7BA0BB0C2C3B1A /* Frameworks */ = {
			isa = PBXGroup;
			children = (
				63DF5BC80541DE9015E81F62 /* Pods_pokemon_list.framework */,
				2DA358D814BEA844320F775C /* Pods_pokemon_list_pokemon_listUITests.framework */,
				29189B79299D2F0B96BA8360 /* Pods_pokemon_listTests.framework */,
			);
			name = Frameworks;
			sourceTree = "<group>";
		};
		6E7A123DE23C9AE4F28AEEB5 /* Pods */ = {
			isa = PBXGroup;
			children = (
				F438474EB2FBCCFA469ED6DD /* Pods-pokemon-list.debug.xcconfig */,
				D36D6061D1774A8AB1151B78 /* Pods-pokemon-list.release.xcconfig */,
				4993E544BD71FAB67E9C2404 /* Pods-pokemon-list-pokemon-listUITests.debug.xcconfig */,
				1DAC7C1E2BCC50FBFBA27EAD /* Pods-pokemon-list-pokemon-listUITests.release.xcconfig */,
				E475E547DB8C3FA0A6C1A651 /* Pods-pokemon-listTests.debug.xcconfig */,
				5B0029435CE18661F9068886 /* Pods-pokemon-listTests.release.xcconfig */,
			);
			path = Pods;
			sourceTree = "<group>";
		};
/* End PBXGroup section */

/* Begin PBXNativeTarget section */
		09022E222BA9D9C50029D51D /* pokemon-list */ = {
			isa = PBXNativeTarget;
			buildConfigurationList = 09022E4D2BA9D9C70029D51D /* Build configuration list for PBXNativeTarget "pokemon-list" */;
			buildPhases = (
				3DF7E094073D373DD17B0562 /* [CP] Check Pods Manifest.lock */,
				09022E1F2BA9D9C50029D51D /* Sources */,
				09022E202BA9D9C50029D51D /* Frameworks */,
				09022E212BA9D9C50029D51D /* Resources */,
				F5090F47D5689FE8D8160D74 /* [CP] Embed Pods Frameworks */,
			);
			buildRules = (
			);
			dependencies = (
			);
			name = "pokemon-list";
			productName = "pokemon-list";
			productReference = 09022E232BA9D9C50029D51D /* pokemon-list.app */;
			productType = "com.apple.product-type.application";
		};
		09022E382BA9D9C70029D51D /* pokemon-listTests */ = {
			isa = PBXNativeTarget;
			buildConfigurationList = 09022E502BA9D9C70029D51D /* Build configuration list for PBXNativeTarget "pokemon-listTests" */;
			buildPhases = (
				DA95F868E37508EFA8A930FF /* [CP] Check Pods Manifest.lock */,
				09022E352BA9D9C70029D51D /* Sources */,
				09022E362BA9D9C70029D51D /* Frameworks */,
				09022E372BA9D9C70029D51D /* Resources */,
			);
			buildRules = (
			);
			dependencies = (
				09022E3B2BA9D9C70029D51D /* PBXTargetDependency */,
			);
			name = "pokemon-listTests";
			productName = "pokemon-listTests";
			productReference = 09022E392BA9D9C70029D51D /* pokemon-listTests.xctest */;
			productType = "com.apple.product-type.bundle.unit-test";
		};
		09022E422BA9D9C70029D51D /* pokemon-listUITests */ = {
			isa = PBXNativeTarget;
			buildConfigurationList = 09022E532BA9D9C70029D51D /* Build configuration list for PBXNativeTarget "pokemon-listUITests" */;
			buildPhases = (
				757B212EED3D69151719F41C /* [CP] Check Pods Manifest.lock */,
				09022E3F2BA9D9C70029D51D /* Sources */,
				09022E402BA9D9C70029D51D /* Frameworks */,
				09022E412BA9D9C70029D51D /* Resources */,
				C025D7F75FD10F85AB5C96ED /* [CP] Embed Pods Frameworks */,
			);
			buildRules = (
			);
			dependencies = (
				09022E452BA9D9C70029D51D /* PBXTargetDependency */,
			);
			name = "pokemon-listUITests";
			productName = "pokemon-listUITests";
			productReference = 09022E432BA9D9C70029D51D /* pokemon-listUITests.xctest */;
			productType = "com.apple.product-type.bundle.ui-testing";
		};
/* End PBXNativeTarget section */

/* Begin PBXProject section */
		09022E1B2BA9D9C50029D51D /* Project object */ = {
			isa = PBXProject;
			attributes = {
				BuildIndependentTargetsInParallel = 1;
				LastSwiftUpdateCheck = 1510;
				LastUpgradeCheck = 1510;
				TargetAttributes = {
					09022E222BA9D9C50029D51D = {
						CreatedOnToolsVersion = 15.1;
					};
					09022E382BA9D9C70029D51D = {
						CreatedOnToolsVersion = 15.1;
						TestTargetID = 09022E222BA9D9C50029D51D;
					};
					09022E422BA9D9C70029D51D = {
						CreatedOnToolsVersion = 15.1;
						TestTargetID = 09022E222BA9D9C50029D51D;
					};
				};
			};
			buildConfigurationList = 09022E1E2BA9D9C50029D51D /* Build configuration list for PBXProject "pokemon-list" */;
			compatibilityVersion = "Xcode 14.0";
			developmentRegion = en;
			hasScannedForEncodings = 0;
			knownRegions = (
				en,
				Base,
			);
			mainGroup = 09022E1A2BA9D9C50029D51D;
			productRefGroup = 09022E242BA9D9C50029D51D /* Products */;
			projectDirPath = "";
			projectRoot = "";
			targets = (
				09022E222BA9D9C50029D51D /* pokemon-list */,
				09022E382BA9D9C70029D51D /* pokemon-listTests */,
				09022E422BA9D9C70029D51D /* pokemon-listUITests */,
			);
		};
/* End PBXProject section */

/* Begin PBXResourcesBuildPhase section */
		09022E212BA9D9C50029D51D /* Resources */ = {
			isa = PBXResourcesBuildPhase;
			buildActionMask = 2147483647;
			files = (
				09022E732BA9E4B30029D51D /* PokemonListView.xib in Resources */,
				09C491DB2BABE04100D23FCE /* NoConnectionView.xib in Resources */,
				09022E812BA9E7F90029D51D /* PokemonListCell.xib in Resources */,
				09C491E22BABE67600D23FCE /* PokemonListEmptyCell.xib in Resources */,
				09022E332BA9D9C70029D51D /* LaunchScreen.storyboard in Resources */,
				09022E962BA9E9E80029D51D /* PokemonDetailView.xib in Resources */,
				09022E302BA9D9C70029D51D /* Assets.xcassets in Resources */,
			);
			runOnlyForDeploymentPostprocessing = 0;
		};
		09022E372BA9D9C70029D51D /* Resources */ = {
			isa = PBXResourcesBuildPhase;
			buildActionMask = 2147483647;
			files = (
				09C491E32BABE67600D23FCE /* PokemonListEmptyCell.xib in Resources */,
				09022E742BA9E4B30029D51D /* PokemonListView.xib in Resources */,
				09C491DC2BABE04100D23FCE /* NoConnectionView.xib in Resources */,
				09022E822BA9E7F90029D51D /* PokemonListCell.xib in Resources */,
				09022E972BA9E9E80029D51D /* PokemonDetailView.xib in Resources */,
			);
			runOnlyForDeploymentPostprocessing = 0;
		};
		09022E412BA9D9C70029D51D /* Resources */ = {
			isa = PBXResourcesBuildPhase;
			buildActionMask = 2147483647;
			files = (
			);
			runOnlyForDeploymentPostprocessing = 0;
		};
/* End PBXResourcesBuildPhase section */

/* Begin PBXShellScriptBuildPhase section */
		3DF7E094073D373DD17B0562 /* [CP] Check Pods Manifest.lock */ = {
			isa = PBXShellScriptBuildPhase;
			buildActionMask = 2147483647;
			files = (
			);
			inputFileListPaths = (
			);
			inputPaths = (
				"${PODS_PODFILE_DIR_PATH}/Podfile.lock",
				"${PODS_ROOT}/Manifest.lock",
			);
			name = "[CP] Check Pods Manifest.lock";
			outputFileListPaths = (
			);
			outputPaths = (
				"$(DERIVED_FILE_DIR)/Pods-pokemon-list-checkManifestLockResult.txt",
			);
			runOnlyForDeploymentPostprocessing = 0;
			shellPath = /bin/sh;
			shellScript = "diff \"${PODS_PODFILE_DIR_PATH}/Podfile.lock\" \"${PODS_ROOT}/Manifest.lock\" > /dev/null\nif [ $? != 0 ] ; then\n    # print error to STDERR\n    echo \"error: The sandbox is not in sync with the Podfile.lock. Run 'pod install' or update your CocoaPods installation.\" >&2\n    exit 1\nfi\n# This output is used by Xcode 'outputs' to avoid re-running this script phase.\necho \"SUCCESS\" > \"${SCRIPT_OUTPUT_FILE_0}\"\n";
			showEnvVarsInLog = 0;
		};
		757B212EED3D69151719F41C /* [CP] Check Pods Manifest.lock */ = {
			isa = PBXShellScriptBuildPhase;
			buildActionMask = 2147483647;
			files = (
			);
			inputFileListPaths = (
			);
			inputPaths = (
				"${PODS_PODFILE_DIR_PATH}/Podfile.lock",
				"${PODS_ROOT}/Manifest.lock",
			);
			name = "[CP] Check Pods Manifest.lock";
			outputFileListPaths = (
			);
			outputPaths = (
				"$(DERIVED_FILE_DIR)/Pods-pokemon-list-pokemon-listUITests-checkManifestLockResult.txt",
			);
			runOnlyForDeploymentPostprocessing = 0;
			shellPath = /bin/sh;
			shellScript = "diff \"${PODS_PODFILE_DIR_PATH}/Podfile.lock\" \"${PODS_ROOT}/Manifest.lock\" > /dev/null\nif [ $? != 0 ] ; then\n    # print error to STDERR\n    echo \"error: The sandbox is not in sync with the Podfile.lock. Run 'pod install' or update your CocoaPods installation.\" >&2\n    exit 1\nfi\n# This output is used by Xcode 'outputs' to avoid re-running this script phase.\necho \"SUCCESS\" > \"${SCRIPT_OUTPUT_FILE_0}\"\n";
			showEnvVarsInLog = 0;
		};
		C025D7F75FD10F85AB5C96ED /* [CP] Embed Pods Frameworks */ = {
			isa = PBXShellScriptBuildPhase;
			buildActionMask = 2147483647;
			files = (
			);
			inputFileListPaths = (
				"${PODS_ROOT}/Target Support Files/Pods-pokemon-list-pokemon-listUITests/Pods-pokemon-list-pokemon-listUITests-frameworks-${CONFIGURATION}-input-files.xcfilelist",
			);
			name = "[CP] Embed Pods Frameworks";
			outputFileListPaths = (
				"${PODS_ROOT}/Target Support Files/Pods-pokemon-list-pokemon-listUITests/Pods-pokemon-list-pokemon-listUITests-frameworks-${CONFIGURATION}-output-files.xcfilelist",
			);
			runOnlyForDeploymentPostprocessing = 0;
			shellPath = /bin/sh;
			shellScript = "\"${PODS_ROOT}/Target Support Files/Pods-pokemon-list-pokemon-listUITests/Pods-pokemon-list-pokemon-listUITests-frameworks.sh\"\n";
			showEnvVarsInLog = 0;
		};
		DA95F868E37508EFA8A930FF /* [CP] Check Pods Manifest.lock */ = {
			isa = PBXShellScriptBuildPhase;
			buildActionMask = 2147483647;
			files = (
			);
			inputFileListPaths = (
			);
			inputPaths = (
				"${PODS_PODFILE_DIR_PATH}/Podfile.lock",
				"${PODS_ROOT}/Manifest.lock",
			);
			name = "[CP] Check Pods Manifest.lock";
			outputFileListPaths = (
			);
			outputPaths = (
				"$(DERIVED_FILE_DIR)/Pods-pokemon-listTests-checkManifestLockResult.txt",
			);
			runOnlyForDeploymentPostprocessing = 0;
			shellPath = /bin/sh;
			shellScript = "diff \"${PODS_PODFILE_DIR_PATH}/Podfile.lock\" \"${PODS_ROOT}/Manifest.lock\" > /dev/null\nif [ $? != 0 ] ; then\n    # print error to STDERR\n    echo \"error: The sandbox is not in sync with the Podfile.lock. Run 'pod install' or update your CocoaPods installation.\" >&2\n    exit 1\nfi\n# This output is used by Xcode 'outputs' to avoid re-running this script phase.\necho \"SUCCESS\" > \"${SCRIPT_OUTPUT_FILE_0}\"\n";
			showEnvVarsInLog = 0;
		};
		F5090F47D5689FE8D8160D74 /* [CP] Embed Pods Frameworks */ = {
			isa = PBXShellScriptBuildPhase;
			buildActionMask = 2147483647;
			files = (
			);
			inputFileListPaths = (
				"${PODS_ROOT}/Target Support Files/Pods-pokemon-list/Pods-pokemon-list-frameworks-${CONFIGURATION}-input-files.xcfilelist",
			);
			name = "[CP] Embed Pods Frameworks";
			outputFileListPaths = (
				"${PODS_ROOT}/Target Support Files/Pods-pokemon-list/Pods-pokemon-list-frameworks-${CONFIGURATION}-output-files.xcfilelist",
			);
			runOnlyForDeploymentPostprocessing = 0;
			shellPath = /bin/sh;
			shellScript = "\"${PODS_ROOT}/Target Support Files/Pods-pokemon-list/Pods-pokemon-list-frameworks.sh\"\n";
			showEnvVarsInLog = 0;
		};
/* End PBXShellScriptBuildPhase section */

/* Begin PBXSourcesBuildPhase section */
		09022E1F2BA9D9C50029D51D /* Sources */ = {
			isa = PBXSourcesBuildPhase;
			buildActionMask = 2147483647;
			files = (
				09022E712BA9E4B30029D51D /* PokemonListView.swift in Sources */,
				09022E942BA9E9E80029D51D /* PokemonDetailModel.swift in Sources */,
				09022EAB2BA9F7940029D51D /* PokemonProvider.swift in Sources */,
				09022EAE2BA9F8260029D51D /* String+Extension.swift in Sources */,
				09022E7A2BA9E56E0029D51D /* Reach.swift in Sources */,
				09C491E82BABEB1000D23FCE /* BaseViewController.swift in Sources */,
				09C491E02BABE67600D23FCE /* PokemonListEmptyCell.swift in Sources */,
				09022E9F2BA9ECA20029D51D /* UIView+Extension.swift in Sources */,
				09C491D92BABE04100D23FCE /* NoConnectionView.swift in Sources */,
				09022E272BA9D9C50029D51D /* AppDelegate.swift in Sources */,
				09022E6D2BA9E4B30029D51D /* PokemonListServiceProtocol.swift in Sources */,
				09022EA82BA9F6240029D51D /* APIMappingProtocol.swift in Sources */,
				09022E982BA9E9E80029D51D /* PokemonDetailView.swift in Sources */,
				09C491D62BABD67A00D23FCE /* UIImageView+Extension.swift in Sources */,
				09C491E52BABE9A600D23FCE /* Array+Extension.swift in Sources */,
				09022E922BA9E9E80029D51D /* PokemonDetailServiceProtocol.swift in Sources */,
				09022E7F2BA9E7F90029D51D /* PokemonListCell.swift in Sources */,
				09022E9A2BA9E9E80029D51D /* PokemonDetailService.swift in Sources */,
				09022E5C2BA9E0080029D51D /* UITableView+Extension.swift in Sources */,
				09022EA22BA9F0260029D51D /* CALayer+Extension.swift in Sources */,
				09022E772BA9E4B30029D51D /* PokemonListViewModel.swift in Sources */,
				09022E9C2BA9E9E80029D51D /* PokemonDetailViewModel.swift in Sources */,
				09022E6F2BA9E4B30029D51D /* PokemonListModel.swift in Sources */,
				09022E752BA9E4B30029D51D /* PokemonListService.swift in Sources */,
			);
			runOnlyForDeploymentPostprocessing = 0;
		};
		09022E352BA9D9C70029D51D /* Sources */ = {
			isa = PBXSourcesBuildPhase;
			buildActionMask = 2147483647;
			files = (
				09022E722BA9E4B30029D51D /* PokemonListView.swift in Sources */,
				09022E952BA9E9E80029D51D /* PokemonDetailModel.swift in Sources */,
				09022EAC2BA9F7940029D51D /* PokemonProvider.swift in Sources */,
				09C491E92BABEB1000D23FCE /* BaseViewController.swift in Sources */,
				09C491E62BABE9A600D23FCE /* Array+Extension.swift in Sources */,
				09022EAF2BA9F8260029D51D /* String+Extension.swift in Sources */,
				09022E7B2BA9E56E0029D51D /* Reach.swift in Sources */,
				09022EA02BA9ECA20029D51D /* UIView+Extension.swift in Sources */,
				09022E3E2BA9D9C70029D51D /* pokemon_listTests.swift in Sources */,
				09022E6E2BA9E4B30029D51D /* PokemonListServiceProtocol.swift in Sources */,
				09022EA92BA9F6240029D51D /* APIMappingProtocol.swift in Sources */,
				09022E992BA9E9E80029D51D /* PokemonDetailView.swift in Sources */,
				09022E932BA9E9E80029D51D /* PokemonDetailServiceProtocol.swift in Sources */,
				09C491E12BABE67600D23FCE /* PokemonListEmptyCell.swift in Sources */,
				09022E802BA9E7F90029D51D /* PokemonListCell.swift in Sources */,
				09022E9B2BA9E9E80029D51D /* PokemonDetailService.swift in Sources */,
				09C491DA2BABE04100D23FCE /* NoConnectionView.swift in Sources */,
				09022E5D2BA9E0080029D51D /* UITableView+Extension.swift in Sources */,
				09022EA32BA9F0260029D51D /* CALayer+Extension.swift in Sources */,
				09022E782BA9E4B30029D51D /* PokemonListViewModel.swift in Sources */,
				09022E9D2BA9E9E80029D51D /* PokemonDetailViewModel.swift in Sources */,
				09022E702BA9E4B30029D51D /* PokemonListModel.swift in Sources */,
				09022E762BA9E4B30029D51D /* PokemonListService.swift in Sources */,
			);
			runOnlyForDeploymentPostprocessing = 0;
		};
		09022E3F2BA9D9C70029D51D /* Sources */ = {
			isa = PBXSourcesBuildPhase;
			buildActionMask = 2147483647;
			files = (
				09022E4A2BA9D9C70029D51D /* pokemon_listUITestsLaunchTests.swift in Sources */,
				09022E482BA9D9C70029D51D /* pokemon_listUITests.swift in Sources */,
			);
			runOnlyForDeploymentPostprocessing = 0;
		};
/* End PBXSourcesBuildPhase section */

/* Begin PBXTargetDependency section */
		09022E3B2BA9D9C70029D51D /* PBXTargetDependency */ = {
			isa = PBXTargetDependency;
			target = 09022E222BA9D9C50029D51D /* pokemon-list */;
			targetProxy = 09022E3A2BA9D9C70029D51D /* PBXContainerItemProxy */;
		};
		09022E452BA9D9C70029D51D /* PBXTargetDependency */ = {
			isa = PBXTargetDependency;
			target = 09022E222BA9D9C50029D51D /* pokemon-list */;
			targetProxy = 09022E442BA9D9C70029D51D /* PBXContainerItemProxy */;
		};
/* End PBXTargetDependency section */

/* Begin PBXVariantGroup section */
		09022E312BA9D9C70029D51D /* LaunchScreen.storyboard */ = {
			isa = PBXVariantGroup;
			children = (
				09022E322BA9D9C70029D51D /* Base */,
			);
			name = LaunchScreen.storyboard;
			sourceTree = "<group>";
		};
/* End PBXVariantGroup section */

/* Begin XCBuildConfiguration section */
		09022E4B2BA9D9C70029D51D /* Debug */ = {
			isa = XCBuildConfiguration;
			buildSettings = {
				ALWAYS_SEARCH_USER_PATHS = NO;
				ASSETCATALOG_COMPILER_GENERATE_SWIFT_ASSET_SYMBOL_EXTENSIONS = YES;
				CLANG_ANALYZER_NONNULL = YES;
				CLANG_ANALYZER_NUMBER_OBJECT_CONVERSION = YES_AGGRESSIVE;
				CLANG_CXX_LANGUAGE_STANDARD = "gnu++20";
				CLANG_ENABLE_MODULES = YES;
				CLANG_ENABLE_OBJC_ARC = YES;
				CLANG_ENABLE_OBJC_WEAK = YES;
				CLANG_WARN_BLOCK_CAPTURE_AUTORELEASING = YES;
				CLANG_WARN_BOOL_CONVERSION = YES;
				CLANG_WARN_COMMA = YES;
				CLANG_WARN_CONSTANT_CONVERSION = YES;
				CLANG_WARN_DEPRECATED_OBJC_IMPLEMENTATIONS = YES;
				CLANG_WARN_DIRECT_OBJC_ISA_USAGE = YES_ERROR;
				CLANG_WARN_DOCUMENTATION_COMMENTS = YES;
				CLANG_WARN_EMPTY_BODY = YES;
				CLANG_WARN_ENUM_CONVERSION = YES;
				CLANG_WARN_INFINITE_RECURSION = YES;
				CLANG_WARN_INT_CONVERSION = YES;
				CLANG_WARN_NON_LITERAL_NULL_CONVERSION = YES;
				CLANG_WARN_OBJC_IMPLICIT_RETAIN_SELF = YES;
				CLANG_WARN_OBJC_LITERAL_CONVERSION = YES;
				CLANG_WARN_OBJC_ROOT_CLASS = YES_ERROR;
				CLANG_WARN_QUOTED_INCLUDE_IN_FRAMEWORK_HEADER = YES;
				CLANG_WARN_RANGE_LOOP_ANALYSIS = YES;
				CLANG_WARN_STRICT_PROTOTYPES = YES;
				CLANG_WARN_SUSPICIOUS_MOVE = YES;
				CLANG_WARN_UNGUARDED_AVAILABILITY = YES_AGGRESSIVE;
				CLANG_WARN_UNREACHABLE_CODE = YES;
				CLANG_WARN__DUPLICATE_METHOD_MATCH = YES;
				COPY_PHASE_STRIP = NO;
				DEBUG_INFORMATION_FORMAT = dwarf;
				ENABLE_STRICT_OBJC_MSGSEND = YES;
				ENABLE_TESTABILITY = YES;
				ENABLE_USER_SCRIPT_SANDBOXING = YES;
				GCC_C_LANGUAGE_STANDARD = gnu17;
				GCC_DYNAMIC_NO_PIC = NO;
				GCC_NO_COMMON_BLOCKS = YES;
				GCC_OPTIMIZATION_LEVEL = 0;
				GCC_PREPROCESSOR_DEFINITIONS = (
					"DEBUG=1",
					"$(inherited)",
				);
				GCC_WARN_64_TO_32_BIT_CONVERSION = YES;
				GCC_WARN_ABOUT_RETURN_TYPE = YES_ERROR;
				GCC_WARN_UNDECLARED_SELECTOR = YES;
				GCC_WARN_UNINITIALIZED_AUTOS = YES_AGGRESSIVE;
				GCC_WARN_UNUSED_FUNCTION = YES;
				GCC_WARN_UNUSED_VARIABLE = YES;
				IPHONEOS_DEPLOYMENT_TARGET = 17.2;
				LOCALIZATION_PREFERS_STRING_CATALOGS = YES;
				MTL_ENABLE_DEBUG_INFO = INCLUDE_SOURCE;
				MTL_FAST_MATH = YES;
				ONLY_ACTIVE_ARCH = YES;
				SDKROOT = iphoneos;
				SWIFT_ACTIVE_COMPILATION_CONDITIONS = "DEBUG $(inherited)";
				SWIFT_OPTIMIZATION_LEVEL = "-Onone";
			};
			name = Debug;
		};
		09022E4C2BA9D9C70029D51D /* Release */ = {
			isa = XCBuildConfiguration;
			buildSettings = {
				ALWAYS_SEARCH_USER_PATHS = NO;
				ASSETCATALOG_COMPILER_GENERATE_SWIFT_ASSET_SYMBOL_EXTENSIONS = YES;
				CLANG_ANALYZER_NONNULL = YES;
				CLANG_ANALYZER_NUMBER_OBJECT_CONVERSION = YES_AGGRESSIVE;
				CLANG_CXX_LANGUAGE_STANDARD = "gnu++20";
				CLANG_ENABLE_MODULES = YES;
				CLANG_ENABLE_OBJC_ARC = YES;
				CLANG_ENABLE_OBJC_WEAK = YES;
				CLANG_WARN_BLOCK_CAPTURE_AUTORELEASING = YES;
				CLANG_WARN_BOOL_CONVERSION = YES;
				CLANG_WARN_COMMA = YES;
				CLANG_WARN_CONSTANT_CONVERSION = YES;
				CLANG_WARN_DEPRECATED_OBJC_IMPLEMENTATIONS = YES;
				CLANG_WARN_DIRECT_OBJC_ISA_USAGE = YES_ERROR;
				CLANG_WARN_DOCUMENTATION_COMMENTS = YES;
				CLANG_WARN_EMPTY_BODY = YES;
				CLANG_WARN_ENUM_CONVERSION = YES;
				CLANG_WARN_INFINITE_RECURSION = YES;
				CLANG_WARN_INT_CONVERSION = YES;
				CLANG_WARN_NON_LITERAL_NULL_CONVERSION = YES;
				CLANG_WARN_OBJC_IMPLICIT_RETAIN_SELF = YES;
				CLANG_WARN_OBJC_LITERAL_CONVERSION = YES;
				CLANG_WARN_OBJC_ROOT_CLASS = YES_ERROR;
				CLANG_WARN_QUOTED_INCLUDE_IN_FRAMEWORK_HEADER = YES;
				CLANG_WARN_RANGE_LOOP_ANALYSIS = YES;
				CLANG_WARN_STRICT_PROTOTYPES = YES;
				CLANG_WARN_SUSPICIOUS_MOVE = YES;
				CLANG_WARN_UNGUARDED_AVAILABILITY = YES_AGGRESSIVE;
				CLANG_WARN_UNREACHABLE_CODE = YES;
				CLANG_WARN__DUPLICATE_METHOD_MATCH = YES;
				COPY_PHASE_STRIP = NO;
				DEBUG_INFORMATION_FORMAT = "dwarf-with-dsym";
				ENABLE_NS_ASSERTIONS = NO;
				ENABLE_STRICT_OBJC_MSGSEND = YES;
				ENABLE_USER_SCRIPT_SANDBOXING = YES;
				GCC_C_LANGUAGE_STANDARD = gnu17;
				GCC_NO_COMMON_BLOCKS = YES;
				GCC_WARN_64_TO_32_BIT_CONVERSION = YES;
				GCC_WARN_ABOUT_RETURN_TYPE = YES_ERROR;
				GCC_WARN_UNDECLARED_SELECTOR = YES;
				GCC_WARN_UNINITIALIZED_AUTOS = YES_AGGRESSIVE;
				GCC_WARN_UNUSED_FUNCTION = YES;
				GCC_WARN_UNUSED_VARIABLE = YES;
				IPHONEOS_DEPLOYMENT_TARGET = 17.2;
				LOCALIZATION_PREFERS_STRING_CATALOGS = YES;
				MTL_ENABLE_DEBUG_INFO = NO;
				MTL_FAST_MATH = YES;
				SDKROOT = iphoneos;
				SWIFT_COMPILATION_MODE = wholemodule;
				VALIDATE_PRODUCT = YES;
			};
			name = Release;
		};
		09022E4E2BA9D9C70029D51D /* Debug */ = {
			isa = XCBuildConfiguration;
			baseConfigurationReference = F438474EB2FBCCFA469ED6DD /* Pods-pokemon-list.debug.xcconfig */;
			buildSettings = {
				ASSETCATALOG_COMPILER_APPICON_NAME = AppIcon;
				ASSETCATALOG_COMPILER_GLOBAL_ACCENT_COLOR_NAME = AccentColor;
				CODE_SIGN_STYLE = Automatic;
				CURRENT_PROJECT_VERSION = 1;
				DEVELOPMENT_TEAM = 2GUBR74QSP;
				ENABLE_USER_SCRIPT_SANDBOXING = NO;
				GENERATE_INFOPLIST_FILE = YES;
				INFOPLIST_FILE = "pokemon-list/Info.plist";
				INFOPLIST_KEY_CFBundleDisplayName = "Pokemon Uhuyyy";
				INFOPLIST_KEY_UIApplicationSupportsIndirectInputEvents = YES;
				INFOPLIST_KEY_UILaunchStoryboardName = LaunchScreen;
				INFOPLIST_KEY_UIMainStoryboardFile = "";
				INFOPLIST_KEY_UISupportedInterfaceOrientations_iPad = "UIInterfaceOrientationPortrait UIInterfaceOrientationPortraitUpsideDown UIInterfaceOrientationLandscapeLeft UIInterfaceOrientationLandscapeRight";
				INFOPLIST_KEY_UISupportedInterfaceOrientations_iPhone = "UIInterfaceOrientationPortrait UIInterfaceOrientationLandscapeLeft UIInterfaceOrientationLandscapeRight";
				IPHONEOS_DEPLOYMENT_TARGET = 15.0;
				LD_RUNPATH_SEARCH_PATHS = (
					"$(inherited)",
					"@executable_path/Frameworks",
				);
				MARKETING_VERSION = 1.0;
				PRODUCT_BUNDLE_IDENTIFIER = "com.idris.xcode.pokemon-list";
				PRODUCT_NAME = "$(TARGET_NAME)";
				SWIFT_EMIT_LOC_STRINGS = YES;
				SWIFT_VERSION = 5.0;
				TARGETED_DEVICE_FAMILY = "1,2";
			};
			name = Debug;
		};
		09022E4F2BA9D9C70029D51D /* Release */ = {
			isa = XCBuildConfiguration;
			baseConfigurationReference = D36D6061D1774A8AB1151B78 /* Pods-pokemon-list.release.xcconfig */;
			buildSettings = {
				ASSETCATALOG_COMPILER_APPICON_NAME = AppIcon;
				ASSETCATALOG_COMPILER_GLOBAL_ACCENT_COLOR_NAME = AccentColor;
				CODE_SIGN_STYLE = Automatic;
				CURRENT_PROJECT_VERSION = 1;
				DEVELOPMENT_TEAM = 2GUBR74QSP;
				ENABLE_USER_SCRIPT_SANDBOXING = NO;
				GENERATE_INFOPLIST_FILE = YES;
				INFOPLIST_FILE = "pokemon-list/Info.plist";
				INFOPLIST_KEY_CFBundleDisplayName = "Pokemon Uhuyyy";
				INFOPLIST_KEY_UIApplicationSupportsIndirectInputEvents = YES;
				INFOPLIST_KEY_UILaunchStoryboardName = LaunchScreen;
				INFOPLIST_KEY_UIMainStoryboardFile = "";
				INFOPLIST_KEY_UISupportedInterfaceOrientations_iPad = "UIInterfaceOrientationPortrait UIInterfaceOrientationPortraitUpsideDown UIInterfaceOrientationLandscapeLeft UIInterfaceOrientationLandscapeRight";
				INFOPLIST_KEY_UISupportedInterfaceOrientations_iPhone = "UIInterfaceOrientationPortrait UIInterfaceOrientationLandscapeLeft UIInterfaceOrientationLandscapeRight";
				IPHONEOS_DEPLOYMENT_TARGET = 15.0;
				LD_RUNPATH_SEARCH_PATHS = (
					"$(inherited)",
					"@executable_path/Frameworks",
				);
				MARKETING_VERSION = 1.0;
				PRODUCT_BUNDLE_IDENTIFIER = "com.idris.xcode.pokemon-list";
				PRODUCT_NAME = "$(TARGET_NAME)";
				SWIFT_EMIT_LOC_STRINGS = YES;
				SWIFT_VERSION = 5.0;
				TARGETED_DEVICE_FAMILY = "1,2";
			};
			name = Release;
		};
		09022E512BA9D9C70029D51D /* Debug */ = {
			isa = XCBuildConfiguration;
			baseConfigurationReference = E475E547DB8C3FA0A6C1A651 /* Pods-pokemon-listTests.debug.xcconfig */;
			buildSettings = {
				ALWAYS_EMBED_SWIFT_STANDARD_LIBRARIES = YES;
				BUNDLE_LOADER = "$(TEST_HOST)";
				CODE_SIGN_STYLE = Automatic;
				CURRENT_PROJECT_VERSION = 1;
				DEVELOPMENT_TEAM = 2GUBR74QSP;
				GENERATE_INFOPLIST_FILE = YES;
				IPHONEOS_DEPLOYMENT_TARGET = 17.2;
				MARKETING_VERSION = 1.0;
				PRODUCT_BUNDLE_IDENTIFIER = "com.idris.xcode.pokemon-listTests";
				PRODUCT_NAME = "$(TARGET_NAME)";
				SWIFT_EMIT_LOC_STRINGS = NO;
				SWIFT_VERSION = 5.0;
				TARGETED_DEVICE_FAMILY = "1,2";
				TEST_HOST = "$(BUILT_PRODUCTS_DIR)/pokemon-list.app/$(BUNDLE_EXECUTABLE_FOLDER_PATH)/pokemon-list";
			};
			name = Debug;
		};
		09022E522BA9D9C70029D51D /* Release */ = {
			isa = XCBuildConfiguration;
			baseConfigurationReference = 5B0029435CE18661F9068886 /* Pods-pokemon-listTests.release.xcconfig */;
			buildSettings = {
				ALWAYS_EMBED_SWIFT_STANDARD_LIBRARIES = YES;
				BUNDLE_LOADER = "$(TEST_HOST)";
				CODE_SIGN_STYLE = Automatic;
				CURRENT_PROJECT_VERSION = 1;
				DEVELOPMENT_TEAM = 2GUBR74QSP;
				GENERATE_INFOPLIST_FILE = YES;
				IPHONEOS_DEPLOYMENT_TARGET = 17.2;
				MARKETING_VERSION = 1.0;
				PRODUCT_BUNDLE_IDENTIFIER = "com.idris.xcode.pokemon-listTests";
				PRODUCT_NAME = "$(TARGET_NAME)";
				SWIFT_EMIT_LOC_STRINGS = NO;
				SWIFT_VERSION = 5.0;
				TARGETED_DEVICE_FAMILY = "1,2";
				TEST_HOST = "$(BUILT_PRODUCTS_DIR)/pokemon-list.app/$(BUNDLE_EXECUTABLE_FOLDER_PATH)/pokemon-list";
			};
			name = Release;
		};
		09022E542BA9D9C70029D51D /* Debug */ = {
			isa = XCBuildConfiguration;
			baseConfigurationReference = 4993E544BD71FAB67E9C2404 /* Pods-pokemon-list-pokemon-listUITests.debug.xcconfig */;
			buildSettings = {
				ALWAYS_EMBED_SWIFT_STANDARD_LIBRARIES = YES;
				CODE_SIGN_STYLE = Automatic;
				CURRENT_PROJECT_VERSION = 1;
				DEVELOPMENT_TEAM = 2GUBR74QSP;
				GENERATE_INFOPLIST_FILE = YES;
				MARKETING_VERSION = 1.0;
				PRODUCT_BUNDLE_IDENTIFIER = "com.idris.xcode.pokemon-listUITests";
				PRODUCT_NAME = "$(TARGET_NAME)";
				SWIFT_EMIT_LOC_STRINGS = NO;
				SWIFT_VERSION = 5.0;
				TARGETED_DEVICE_FAMILY = "1,2";
				TEST_TARGET_NAME = "pokemon-list";
			};
			name = Debug;
		};
		09022E552BA9D9C70029D51D /* Release */ = {
			isa = XCBuildConfiguration;
			baseConfigurationReference = 1DAC7C1E2BCC50FBFBA27EAD /* Pods-pokemon-list-pokemon-listUITests.release.xcconfig */;
			buildSettings = {
				ALWAYS_EMBED_SWIFT_STANDARD_LIBRARIES = YES;
				CODE_SIGN_STYLE = Automatic;
				CURRENT_PROJECT_VERSION = 1;
				DEVELOPMENT_TEAM = 2GUBR74QSP;
				GENERATE_INFOPLIST_FILE = YES;
				MARKETING_VERSION = 1.0;
				PRODUCT_BUNDLE_IDENTIFIER = "com.idris.xcode.pokemon-listUITests";
				PRODUCT_NAME = "$(TARGET_NAME)";
				SWIFT_EMIT_LOC_STRINGS = NO;
				SWIFT_VERSION = 5.0;
				TARGETED_DEVICE_FAMILY = "1,2";
				TEST_TARGET_NAME = "pokemon-list";
			};
			name = Release;
		};
/* End XCBuildConfiguration section */

/* Begin XCConfigurationList section */
		09022E1E2BA9D9C50029D51D /* Build configuration list for PBXProject "pokemon-list" */ = {
			isa = XCConfigurationList;
			buildConfigurations = (
				09022E4B2BA9D9C70029D51D /* Debug */,
				09022E4C2BA9D9C70029D51D /* Release */,
			);
			defaultConfigurationIsVisible = 0;
			defaultConfigurationName = Release;
		};
		09022E4D2BA9D9C70029D51D /* Build configuration list for PBXNativeTarget "pokemon-list" */ = {
			isa = XCConfigurationList;
			buildConfigurations = (
				09022E4E2BA9D9C70029D51D /* Debug */,
				09022E4F2BA9D9C70029D51D /* Release */,
			);
			defaultConfigurationIsVisible = 0;
			defaultConfigurationName = Release;
		};
		09022E502BA9D9C70029D51D /* Build configuration list for PBXNativeTarget "pokemon-listTests" */ = {
			isa = XCConfigurationList;
			buildConfigurations = (
				09022E512BA9D9C70029D51D /* Debug */,
				09022E522BA9D9C70029D51D /* Release */,
			);
			defaultConfigurationIsVisible = 0;
			defaultConfigurationName = Release;
		};
		09022E532BA9D9C70029D51D /* Build configuration list for PBXNativeTarget "pokemon-listUITests" */ = {
			isa = XCConfigurationList;
			buildConfigurations = (
				09022E542BA9D9C70029D51D /* Debug */,
				09022E552BA9D9C70029D51D /* Release */,
			);
			defaultConfigurationIsVisible = 0;
			defaultConfigurationName = Release;
		};
/* End XCConfigurationList section */
	};
	rootObject = 09022E1B2BA9D9C50029D51D /* Project object */;
}
